
Microsoft Visual Studio Solution File, Format Version 12.00
# Visual Studio Version 16
VisualStudioVersion = 16.0.29613.14
MinimumVisualStudioVersion = 10.0.40219.1
Project("{FAE04EC0-301F-11D3-BF4B-00C04F79EFBC}") = "Hora", "Hora\Hora.csproj", "{66FD7AC7-09D0-4889-B106-589E9975840E}"
EndProject
Global
	GlobalSection(SolutionConfigurationPlatforms) = preSolution
		Debug|Any CPU = Debug|Any CPU
		Release|Any CPU = Release|Any CPU
	EndGlobalSection
	GlobalSection(ProjectConfigurationPlatforms) = postSolution
		{66FD7AC7-09D0-4889-B106-589E9975840E}.Debug|Any CPU.ActiveCfg = Debug|Any CPU
		{66FD7AC7-09D0-4889-B106-589E9975840E}.Debug|Any CPU.Build.0 = Debug|Any CPU
		{66FD7AC7-09D0-4889-B106-589E9975840E}.Release|Any CPU.ActiveCfg = Release|Any CPU
		{66FD7AC7-09D0-4889-B106-589E9975840E}.Release|Any CPU.Build.0 = Release|Any CPU
	EndGlobalSection
	GlobalSection(SolutionProperties) = preSolution
		HideSolutionNode = FALSE
	EndGlobalSection
	GlobalSection(ExtensibilityGlobals) = postSolution
		SolutionGuid = {7A61681F-4BB9-4561-ADF9-B02FB2CEC932}
	EndGlobalSection
EndGlobal
