
Microsoft Visual Studio Solution File, Format Version 12.00
# Visual Studio Version 16
VisualStudioVersion = 16.0.29613.14
MinimumVisualStudioVersion = 10.0.40219.1
Project("{FAE04EC0-301F-11D3-BF4B-00C04F79EFBC}") = "Exercicio1-3", "Exercicio1-3\Exercicio1-3.csproj", "{BF212425-E47E-4C49-A4B1-812BF5CC95F5}"
EndProject
Global
	GlobalSection(SolutionConfigurationPlatforms) = preSolution
		Debug|Any CPU = Debug|Any CPU
		Release|Any CPU = Release|Any CPU
	EndGlobalSection
	GlobalSection(ProjectConfigurationPlatforms) = postSolution
		{BF212425-E47E-4C49-A4B1-812BF5CC95F5}.Debug|Any CPU.ActiveCfg = Debug|Any CPU
		{BF212425-E47E-4C49-A4B1-812BF5CC95F5}.Debug|Any CPU.Build.0 = Debug|Any CPU
		{BF212425-E47E-4C49-A4B1-812BF5CC95F5}.Release|Any CPU.ActiveCfg = Release|Any CPU
		{BF212425-E47E-4C49-A4B1-812BF5CC95F5}.Release|Any CPU.Build.0 = Release|Any CPU
	EndGlobalSection
	GlobalSection(SolutionProperties) = preSolution
		HideSolutionNode = FALSE
	EndGlobalSection
	GlobalSection(ExtensibilityGlobals) = postSolution
		SolutionGuid = {DEB02E81-624F-4A1E-B959-DED85DE0DCBF}
	EndGlobalSection
EndGlobal
