
Microsoft Visual Studio Solution File, Format Version 12.00
# Visual Studio Version 16
VisualStudioVersion = 16.0.29613.14
MinimumVisualStudioVersion = 10.0.40219.1
Project("{FAE04EC0-301F-11D3-BF4B-00C04F79EFBC}") = "Exercicio1-4", "Exercicio1-4\Exercicio1-4.csproj", "{EB5832C2-3B16-4A3F-80AA-79671EF85EE7}"
EndProject
Global
	GlobalSection(SolutionConfigurationPlatforms) = preSolution
		Debug|Any CPU = Debug|Any CPU
		Release|Any CPU = Release|Any CPU
	EndGlobalSection
	GlobalSection(ProjectConfigurationPlatforms) = postSolution
		{EB5832C2-3B16-4A3F-80AA-79671EF85EE7}.Debug|Any CPU.ActiveCfg = Debug|Any CPU
		{EB5832C2-3B16-4A3F-80AA-79671EF85EE7}.Debug|Any CPU.Build.0 = Debug|Any CPU
		{EB5832C2-3B16-4A3F-80AA-79671EF85EE7}.Release|Any CPU.ActiveCfg = Release|Any CPU
		{EB5832C2-3B16-4A3F-80AA-79671EF85EE7}.Release|Any CPU.Build.0 = Release|Any CPU
	EndGlobalSection
	GlobalSection(SolutionProperties) = preSolution
		HideSolutionNode = FALSE
	EndGlobalSection
	GlobalSection(ExtensibilityGlobals) = postSolution
		SolutionGuid = {CF87C371-D584-4D70-A225-267F56AA2882}
	EndGlobalSection
EndGlobal
