
Microsoft Visual Studio Solution File, Format Version 12.00
# Visual Studio Version 16
VisualStudioVersion = 16.0.29613.14
MinimumVisualStudioVersion = 10.0.40219.1
Project("{FAE04EC0-301F-11D3-BF4B-00C04F79EFBC}") = "Exercicio4-4", "Exercicio4-4\Exercicio4-4.csproj", "{D80018FF-C5B0-4F9D-A0E7-D6CAE5F36BC1}"
EndProject
Global
	GlobalSection(SolutionConfigurationPlatforms) = preSolution
		Debug|Any CPU = Debug|Any CPU
		Release|Any CPU = Release|Any CPU
	EndGlobalSection
	GlobalSection(ProjectConfigurationPlatforms) = postSolution
		{D80018FF-C5B0-4F9D-A0E7-D6CAE5F36BC1}.Debug|Any CPU.ActiveCfg = Debug|Any CPU
		{D80018FF-C5B0-4F9D-A0E7-D6CAE5F36BC1}.Debug|Any CPU.Build.0 = Debug|Any CPU
		{D80018FF-C5B0-4F9D-A0E7-D6CAE5F36BC1}.Release|Any CPU.ActiveCfg = Release|Any CPU
		{D80018FF-C5B0-4F9D-A0E7-D6CAE5F36BC1}.Release|Any CPU.Build.0 = Release|Any CPU
	EndGlobalSection
	GlobalSection(SolutionProperties) = preSolution
		HideSolutionNode = FALSE
	EndGlobalSection
	GlobalSection(ExtensibilityGlobals) = postSolution
		SolutionGuid = {5FE26D0E-DE2E-4AB1-86E9-5130A70FD96F}
	EndGlobalSection
EndGlobal
