
Microsoft Visual Studio Solution File, Format Version 12.00
# Visual Studio Version 16
VisualStudioVersion = 16.0.29613.14
MinimumVisualStudioVersion = 10.0.40219.1
Project("{FAE04EC0-301F-11D3-BF4B-00C04F79EFBC}") = "Exercicio2Aula40", "Exercicio2Aula40\Exercicio2Aula40.csproj", "{2C4585B6-40C8-481A-8E71-F57A27B038F5}"
EndProject
Global
	GlobalSection(SolutionConfigurationPlatforms) = preSolution
		Debug|Any CPU = Debug|Any CPU
		Release|Any CPU = Release|Any CPU
	EndGlobalSection
	GlobalSection(ProjectConfigurationPlatforms) = postSolution
		{2C4585B6-40C8-481A-8E71-F57A27B038F5}.Debug|Any CPU.ActiveCfg = Debug|Any CPU
		{2C4585B6-40C8-481A-8E71-F57A27B038F5}.Debug|Any CPU.Build.0 = Debug|Any CPU
		{2C4585B6-40C8-481A-8E71-F57A27B038F5}.Release|Any CPU.ActiveCfg = Release|Any CPU
		{2C4585B6-40C8-481A-8E71-F57A27B038F5}.Release|Any CPU.Build.0 = Release|Any CPU
	EndGlobalSection
	GlobalSection(SolutionProperties) = preSolution
		HideSolutionNode = FALSE
	EndGlobalSection
	GlobalSection(ExtensibilityGlobals) = postSolution
		SolutionGuid = {2D2B3B00-F68A-453A-BDBB-4E5604F6F4CC}
	EndGlobalSection
EndGlobal
