
Microsoft Visual Studio Solution File, Format Version 12.00
# Visual Studio Version 16
VisualStudioVersion = 16.0.29613.14
MinimumVisualStudioVersion = 10.0.40219.1
Project("{FAE04EC0-301F-11D3-BF4B-00C04F79EFBC}") = "Exercicio1", "Exercicio1\Exercicio1.csproj", "{01006273-B524-40B7-9910-C8F77FED1633}"
EndProject
Global
	GlobalSection(SolutionConfigurationPlatforms) = preSolution
		Debug|Any CPU = Debug|Any CPU
		Release|Any CPU = Release|Any CPU
	EndGlobalSection
	GlobalSection(ProjectConfigurationPlatforms) = postSolution
		{01006273-B524-40B7-9910-C8F77FED1633}.Debug|Any CPU.ActiveCfg = Debug|Any CPU
		{01006273-B524-40B7-9910-C8F77FED1633}.Debug|Any CPU.Build.0 = Debug|Any CPU
		{01006273-B524-40B7-9910-C8F77FED1633}.Release|Any CPU.ActiveCfg = Release|Any CPU
		{01006273-B524-40B7-9910-C8F77FED1633}.Release|Any CPU.Build.0 = Release|Any CPU
	EndGlobalSection
	GlobalSection(SolutionProperties) = preSolution
		HideSolutionNode = FALSE
	EndGlobalSection
	GlobalSection(ExtensibilityGlobals) = postSolution
		SolutionGuid = {77797074-6592-49E8-B4CF-6E4618E363D2}
	EndGlobalSection
EndGlobal
