
Microsoft Visual Studio Solution File, Format Version 12.00
# Visual Studio Version 16
VisualStudioVersion = 16.0.29613.14
MinimumVisualStudioVersion = 10.0.40219.1
Project("{FAE04EC0-301F-11D3-BF4B-00C04F79EFBC}") = "Exercicio3-4", "Exercicio3-4\Exercicio3-4.csproj", "{337EBFDB-E666-4E06-91FB-A02E5DD7BB02}"
EndProject
Global
	GlobalSection(SolutionConfigurationPlatforms) = preSolution
		Debug|Any CPU = Debug|Any CPU
		Release|Any CPU = Release|Any CPU
	EndGlobalSection
	GlobalSection(ProjectConfigurationPlatforms) = postSolution
		{337EBFDB-E666-4E06-91FB-A02E5DD7BB02}.Debug|Any CPU.ActiveCfg = Debug|Any CPU
		{337EBFDB-E666-4E06-91FB-A02E5DD7BB02}.Debug|Any CPU.Build.0 = Debug|Any CPU
		{337EBFDB-E666-4E06-91FB-A02E5DD7BB02}.Release|Any CPU.ActiveCfg = Release|Any CPU
		{337EBFDB-E666-4E06-91FB-A02E5DD7BB02}.Release|Any CPU.Build.0 = Release|Any CPU
	EndGlobalSection
	GlobalSection(SolutionProperties) = preSolution
		HideSolutionNode = FALSE
	EndGlobalSection
	GlobalSection(ExtensibilityGlobals) = postSolution
		SolutionGuid = {CF53D1C8-BCEE-4782-826C-CF67C0A0BA74}
	EndGlobalSection
EndGlobal
