
Microsoft Visual Studio Solution File, Format Version 12.00
# Visual Studio Version 16
VisualStudioVersion = 16.0.29613.14
MinimumVisualStudioVersion = 10.0.40219.1
Project("{FAE04EC0-301F-11D3-BF4B-00C04F79EFBC}") = "Exercicio7-4", "Exercicio7-4\Exercicio7-4.csproj", "{3A28672C-40CA-45F4-A53F-527FA1F51685}"
EndProject
Global
	GlobalSection(SolutionConfigurationPlatforms) = preSolution
		Debug|Any CPU = Debug|Any CPU
		Release|Any CPU = Release|Any CPU
	EndGlobalSection
	GlobalSection(ProjectConfigurationPlatforms) = postSolution
		{3A28672C-40CA-45F4-A53F-527FA1F51685}.Debug|Any CPU.ActiveCfg = Debug|Any CPU
		{3A28672C-40CA-45F4-A53F-527FA1F51685}.Debug|Any CPU.Build.0 = Debug|Any CPU
		{3A28672C-40CA-45F4-A53F-527FA1F51685}.Release|Any CPU.ActiveCfg = Release|Any CPU
		{3A28672C-40CA-45F4-A53F-527FA1F51685}.Release|Any CPU.Build.0 = Release|Any CPU
	EndGlobalSection
	GlobalSection(SolutionProperties) = preSolution
		HideSolutionNode = FALSE
	EndGlobalSection
	GlobalSection(ExtensibilityGlobals) = postSolution
		SolutionGuid = {CD522F4B-BA72-4FD5-9765-799CE8B9B691}
	EndGlobalSection
EndGlobal
