
Microsoft Visual Studio Solution File, Format Version 12.00
# Visual Studio Version 16
VisualStudioVersion = 16.0.29613.14
MinimumVisualStudioVersion = 10.0.40219.1
Project("{FAE04EC0-301F-11D3-BF4B-00C04F79EFBC}") = "Exercicio2-3", "Exercicio2-3\Exercicio2-3.csproj", "{6185E40C-C233-4D62-85B4-87C1F7512EB6}"
EndProject
Global
	GlobalSection(SolutionConfigurationPlatforms) = preSolution
		Debug|Any CPU = Debug|Any CPU
		Release|Any CPU = Release|Any CPU
	EndGlobalSection
	GlobalSection(ProjectConfigurationPlatforms) = postSolution
		{6185E40C-C233-4D62-85B4-87C1F7512EB6}.Debug|Any CPU.ActiveCfg = Debug|Any CPU
		{6185E40C-C233-4D62-85B4-87C1F7512EB6}.Debug|Any CPU.Build.0 = Debug|Any CPU
		{6185E40C-C233-4D62-85B4-87C1F7512EB6}.Release|Any CPU.ActiveCfg = Release|Any CPU
		{6185E40C-C233-4D62-85B4-87C1F7512EB6}.Release|Any CPU.Build.0 = Release|Any CPU
	EndGlobalSection
	GlobalSection(SolutionProperties) = preSolution
		HideSolutionNode = FALSE
	EndGlobalSection
	GlobalSection(ExtensibilityGlobals) = postSolution
		SolutionGuid = {B23C9AC8-7796-444C-A723-F7B0D93253DF}
	EndGlobalSection
EndGlobal
